{
  "name": "discord-trivia-bot",
  "version": "1.8.5",
  "lockfileVersion": 2,
  "requires": true,
  "packages": {
    "": {
      "name": "discord-trivia-bot",
      "version": "1.8.5",
      "license": "Apache-2.0",
      "dependencies": {
        "circular-json": "^0.5.9",
        "discord.js": "^14.12.1",
        "html-entities": "^1.4.0",
        "https": "^1.0.0",
        "js-yaml": "^3.14.1",
        "node-fetch": "^2.6.1",
        "semver-compare": "^1.0.0"
      },
      "engines": {
        "node": ">=16.6.0"
      }
    },
    "node_modules/@discordjs/builders": {
      "version": "1.6.4",
      "resolved": "https://registry.npmjs.org/@discordjs/builders/-/builders-1.6.4.tgz",
      "integrity": "sha512-ARFKvmAkLhfkQQiNxqi0YIWqwUExvBRtvdtMFVJXvJoibsGkFrB/DWTf9byU7BTVUfsmW8w7NM55tYXR5S/iSg==",
      "dependencies": {
        "@discordjs/formatters": "^0.3.1",
        "@discordjs/util": "^1.0.0",
        "@sapphire/shapeshift": "^3.9.2",
        "discord-api-types": "^0.37.50",
        "fast-deep-equal": "^3.1.3",
        "ts-mixer": "^6.0.3",
        "tslib": "^2.6.1"
      },
      "engines": {
        "node": ">=16.9.0"
      }
    },
    "node_modules/@discordjs/collection": {
      "version": "1.5.2",
      "resolved": "https://registry.npmjs.org/@discordjs/collection/-/collection-1.5.2.tgz",
      "integrity": "sha512-LDplPy8SPbc8MYkuCdnLRGWqygAX97E8NH7gA9uz+NZ/hXknUKJHuxsOmhC6pmHnF9Zmg0kvfwrDjGsRIljt9g==",
      "engines": {
        "node": ">=16.9.0"
      }
    },
    "node_modules/@discordjs/formatters": {
      "version": "0.3.1",
      "resolved": "https://registry.npmjs.org/@discordjs/formatters/-/formatters-0.3.1.tgz",
      "integrity": "sha512-M7X4IGiSeh4znwcRGcs+49B5tBkNDn4k5bmhxJDAUhRxRHTiFAOTVUNQ6yAKySu5jZTnCbSvTYHW3w0rAzV1MA==",
      "dependencies": {
        "discord-api-types": "^0.37.41"
      },
      "engines": {
        "node": ">=16.9.0"
      }
    },
    "node_modules/@discordjs/rest": {
      "version": "2.0.0",
      "resolved": "https://registry.npmjs.org/@discordjs/rest/-/rest-2.0.0.tgz",
      "integrity": "sha512-CW9ldfzsRzUbHcS4Oqu5+Moo+yrQ5qQ9groKNxPOzcoq2nuXa/fXOXkuQtQHcTeSVXsC9cmJ56M8gBDBUyLgGA==",
      "dependencies": {
        "@discordjs/collection": "^1.5.2",
        "@discordjs/util": "^1.0.0",
        "@sapphire/async-queue": "^1.5.0",
        "@sapphire/snowflake": "^3.5.1",
        "@vladfrangu/async_event_emitter": "^2.2.2",
        "discord-api-types": "^0.37.50",
        "magic-bytes.js": "^1.0.15",
        "tslib": "^2.6.1",
        "undici": "^5.22.1"
      },
      "engines": {
        "node": ">=16.9.0"
      }
    },
    "node_modules/@discordjs/util": {
      "version": "1.0.0",
      "resolved": "https://registry.npmjs.org/@discordjs/util/-/util-1.0.0.tgz",
      "integrity": "sha512-U2Iiab0mo8cFe+o4ZY4GROoAetGjFYA1PhhxiXEW82LuPUjOU/seHZDtVjDpOf6n3rz4IRm84wNtgHdpqRY5CA==",
      "engines": {
        "node": ">=16.9.0"
      }
    },
    "node_modules/@discordjs/ws": {
      "version": "1.0.0",
      "resolved": "https://registry.npmjs.org/@discordjs/ws/-/ws-1.0.0.tgz",
      "integrity": "sha512-POiImjuQJzwCxjJs4JCtDcTjzvjVsVQbnsaoW/F03yTVdrj/xSpmgv4383AnpNEYXI+CA6ggkz37phZDsZQ1NQ==",
      "dependencies": {
        "@discordjs/collection": "^1.5.2",
        "@discordjs/rest": "^2.0.0",
        "@discordjs/util": "^1.0.0",
        "@sapphire/async-queue": "^1.5.0",
        "@types/ws": "^8.5.5",
        "@vladfrangu/async_event_emitter": "^2.2.2",
        "discord-api-types": "^0.37.50",
        "tslib": "^2.6.1",
        "ws": "^8.13.0"
      },
      "engines": {
        "node": ">=16.9.0"
      }
    },
    "node_modules/@sapphire/async-queue": {
      "version": "1.5.0",
      "resolved": "https://registry.npmjs.org/@sapphire/async-queue/-/async-queue-1.5.0.tgz",
      "integrity": "sha512-JkLdIsP8fPAdh9ZZjrbHWR/+mZj0wvKS5ICibcLrRI1j84UmLMshx5n9QmL8b95d4onJ2xxiyugTgSAX7AalmA==",
      "engines": {
        "node": ">=v14.0.0",
        "npm": ">=7.0.0"
      }
    },
    "node_modules/@sapphire/shapeshift": {
      "version": "3.9.2",
      "resolved": "https://registry.npmjs.org/@sapphire/shapeshift/-/shapeshift-3.9.2.tgz",
      "integrity": "sha512-YRbCXWy969oGIdqR/wha62eX8GNHsvyYi0Rfd4rNW6tSVVa8p0ELiMEuOH/k8rgtvRoM+EMV7Csqz77YdwiDpA==",
      "dependencies": {
        "fast-deep-equal": "^3.1.3",
        "lodash": "^4.17.21"
      },
      "engines": {
        "node": ">=v14.0.0",
        "npm": ">=7.0.0"
      }
    },
    "node_modules/@sapphire/snowflake": {
      "version": "3.5.1",
      "resolved": "https://registry.npmjs.org/@sapphire/snowflake/-/snowflake-3.5.1.tgz",
      "integrity": "sha512-BxcYGzgEsdlG0dKAyOm0ehLGm2CafIrfQTZGWgkfKYbj+pNNsorZ7EotuZukc2MT70E0UbppVbtpBrqpzVzjNA==",
      "engines": {
        "node": ">=v14.0.0",
        "npm": ">=7.0.0"
      }
    },
    "node_modules/@types/node": {
      "version": "20.4.8",
      "resolved": "https://registry.npmjs.org/@types/node/-/node-20.4.8.tgz",
      "integrity": "sha512-0mHckf6D2DiIAzh8fM8f3HQCvMKDpK94YQ0DSVkfWTG9BZleYIWudw9cJxX8oCk9bM+vAkDyujDV6dmKHbvQpg=="
    },
    "node_modules/@types/ws": {
      "version": "8.5.5",
      "resolved": "https://registry.npmjs.org/@types/ws/-/ws-8.5.5.tgz",
      "integrity": "sha512-lwhs8hktwxSjf9UaZ9tG5M03PGogvFaH8gUgLNbN9HKIg0dvv6q+gkSuJ8HN4/VbyxkuLzCjlN7GquQ0gUJfIg==",
      "dependencies": {
        "@types/node": "*"
      }
    },
    "node_modules/@vladfrangu/async_event_emitter": {
      "version": "2.2.2",
      "resolved": "https://registry.npmjs.org/@vladfrangu/async_event_emitter/-/async_event_emitter-2.2.2.tgz",
      "integrity": "sha512-HIzRG7sy88UZjBJamssEczH5q7t5+axva19UbZLO6u0ySbYPrwzWiXBcC0WuHyhKKoeCyneH+FvYzKQq/zTtkQ==",
      "engines": {
        "node": ">=v14.0.0",
        "npm": ">=7.0.0"
      }
    },
    "node_modules/argparse": {
      "version": "1.0.10",
      "resolved": "https://registry.npmjs.org/argparse/-/argparse-1.0.10.tgz",
      "integrity": "sha512-o5Roy6tNG4SL/FOkCAN6RzjiakZS25RLYFrcMttJqbdd8BWrnA+fGz57iN5Pb06pvBGvl5gQ0B48dJlslXvoTg==",
      "dependencies": {
        "sprintf-js": "~1.0.2"
      }
    },
    "node_modules/busboy": {
      "version": "1.6.0",
      "resolved": "https://registry.npmjs.org/busboy/-/busboy-1.6.0.tgz",
      "integrity": "sha512-8SFQbg/0hQ9xy3UNTB0YEnsNBbWfhf7RtnzpL7TkBiTBRfrQ9Fxcnz7VJsleJpyp6rVLvXiuORqjlHi5q+PYuA==",
      "dependencies": {
        "streamsearch": "^1.1.0"
      },
      "engines": {
        "node": ">=10.16.0"
      }
    },
    "node_modules/circular-json": {
      "version": "0.5.9",
      "resolved": "https://registry.npmjs.org/circular-json/-/circular-json-0.5.9.tgz",
      "integrity": "sha512-4ivwqHpIFJZBuhN3g/pEcdbnGUywkBblloGbkglyloVjjR3uT6tieI89MVOfbP2tHX5sgb01FuLgAOzebNlJNQ==",
      "deprecated": "CircularJSON is in maintenance only, flatted is its successor."
    },
    "node_modules/discord-api-types": {
      "version": "0.37.52",
      "resolved": "https://registry.npmjs.org/discord-api-types/-/discord-api-types-0.37.52.tgz",
      "integrity": "sha512-TP99aMgY6rHuDIy056GDm1j2nGOcaLbFpjVbvAmv6N6vhkjHNqHXCHVqKtGisaQ8D15slbxTHNl/SSkPdx2syg=="
    },
    "node_modules/discord.js": {
      "version": "14.12.1",
      "resolved": "https://registry.npmjs.org/discord.js/-/discord.js-14.12.1.tgz",
      "integrity": "sha512-gGjhTkauIPgFXxpBl0UZgyehrKhDe90cIS8Hn1xFBYQ63EuUAkKoUqRNmc/pcla6DD16s4cUz5tAbdSpXivnxw==",
      "dependencies": {
        "@discordjs/builders": "^1.6.4",
        "@discordjs/collection": "^1.5.2",
        "@discordjs/formatters": "^0.3.1",
        "@discordjs/rest": "^2.0.0",
        "@discordjs/util": "^1.0.0",
        "@discordjs/ws": "^1.0.0",
        "@sapphire/snowflake": "^3.5.1",
        "@types/ws": "^8.5.5",
        "discord-api-types": "^0.37.50",
        "fast-deep-equal": "^3.1.3",
        "lodash.snakecase": "^4.1.1",
        "tslib": "^2.6.1",
        "undici": "^5.22.1",
        "ws": "^8.13.0"
      },
      "engines": {
        "node": ">=16.9.0"
      }
    },
    "node_modules/esprima": {
      "version": "4.0.1",
      "resolved": "https://registry.npmjs.org/esprima/-/esprima-4.0.1.tgz",
      "integrity": "sha512-eGuFFw7Upda+g4p+QHvnW0RyTX/SVeJBDM/gCtMARO0cLuT2HcEKnTPvhjV6aGeqrCB/sbNop0Kszm0jsaWU4A==",
      "bin": {
        "esparse": "bin/esparse.js",
        "esvalidate": "bin/esvalidate.js"
      },
      "engines": {
        "node": ">=4"
      }
    },
    "node_modules/fast-deep-equal": {
      "version": "3.1.3",
      "resolved": "https://registry.npmjs.org/fast-deep-equal/-/fast-deep-equal-3.1.3.tgz",
      "integrity": "sha512-f3qQ9oQy9j2AhBe/H9VC91wLmKBCCU/gDOnKNAYG5hswO7BLKj09Hc5HYNz9cGI++xlpDCIgDaitVs03ATR84Q=="
    },
    "node_modules/html-entities": {
      "version": "1.4.0",
      "resolved": "https://registry.npmjs.org/html-entities/-/html-entities-1.4.0.tgz",
      "integrity": "sha512-8nxjcBcd8wovbeKx7h3wTji4e6+rhaVuPNpMqwWgnHh+N9ToqsCs6XztWRBPQ+UtzsoMAdKZtUENoVzU/EMtZA=="
    },
    "node_modules/https": {
      "version": "1.0.0",
      "resolved": "https://registry.npmjs.org/https/-/https-1.0.0.tgz",
      "integrity": "sha1-PDfHrhqO65ZpBKKtHpdaGUt+06Q="
    },
    "node_modules/js-yaml": {
      "version": "3.14.1",
      "resolved": "https://registry.npmjs.org/js-yaml/-/js-yaml-3.14.1.tgz",
      "integrity": "sha512-okMH7OXXJ7YrN9Ok3/SXrnu4iX9yOk+25nqX4imS2npuvTYDmo/QEZoqwZkYaIDk3jVvBOTOIEgEhaLOynBS9g==",
      "dependencies": {
        "argparse": "^1.0.7",
        "esprima": "^4.0.0"
      },
      "bin": {
        "js-yaml": "bin/js-yaml.js"
      }
    },
    "node_modules/lodash": {
      "version": "4.17.21",
      "resolved": "https://registry.npmjs.org/lodash/-/lodash-4.17.21.tgz",
      "integrity": "sha512-v2kDEe57lecTulaDIuNTPy3Ry4gLGJ6Z1O3vE1krgXZNrsQ+LFTGHVxVjcXPs17LhbZVGedAJv8XZ1tvj5FvSg=="
    },
    "node_modules/lodash.snakecase": {
      "version": "4.1.1",
      "resolved": "https://registry.npmjs.org/lodash.snakecase/-/lodash.snakecase-4.1.1.tgz",
      "integrity": "sha512-QZ1d4xoBHYUeuouhEq3lk3Uq7ldgyFXGBhg04+oRLnIz8o9T65Eh+8YdroUwn846zchkA9yDsDl5CVVaV2nqYw=="
    },
    "node_modules/magic-bytes.js": {
      "version": "1.0.15",
      "resolved": "https://registry.npmjs.org/magic-bytes.js/-/magic-bytes.js-1.0.15.tgz",
      "integrity": "sha512-bpRmwbRHqongRhA+mXzbLWjVy7ylqmfMBYaQkSs6pac0z6hBTvsgrH0r4FBYd/UYVJBmS6Rp/O+oCCQVLzKV1g=="
    },
    "node_modules/node-fetch": {
      "version": "2.6.6",
      "resolved": "https://registry.npmjs.org/node-fetch/-/node-fetch-2.6.6.tgz",
      "integrity": "sha512-Z8/6vRlTUChSdIgMa51jxQ4lrw/Jy5SOW10ObaA47/RElsAN2c5Pn8bTgFGWn/ibwzXTE8qwr1Yzx28vsecXEA==",
      "dependencies": {
        "whatwg-url": "^5.0.0"
      },
      "engines": {
        "node": "4.x || >=6.0.0"
      }
    },
    "node_modules/semver-compare": {
      "version": "1.0.0",
      "resolved": "https://registry.npmjs.org/semver-compare/-/semver-compare-1.0.0.tgz",
      "integrity": "sha1-De4hahyUGrN+nvsXiPavxf9VN/w="
    },
    "node_modules/sprintf-js": {
      "version": "1.0.3",
      "resolved": "https://registry.npmjs.org/sprintf-js/-/sprintf-js-1.0.3.tgz",
      "integrity": "sha1-BOaSb2YolTVPPdAVIDYzuFcpfiw="
    },
    "node_modules/streamsearch": {
      "version": "1.1.0",
      "resolved": "https://registry.npmjs.org/streamsearch/-/streamsearch-1.1.0.tgz",
      "integrity": "sha512-Mcc5wHehp9aXz1ax6bZUyY5afg9u2rv5cqQI3mRrYkGC8rW2hM02jWuwjtL++LS5qinSyhj2QfLyNsuc+VsExg==",
      "engines": {
        "node": ">=10.0.0"
      }
    },
    "node_modules/tr46": {
      "version": "0.0.3",
      "resolved": "https://registry.npmjs.org/tr46/-/tr46-0.0.3.tgz",
      "integrity": "sha1-gYT9NH2snNwYWZLzpmIuFLnZq2o="
    },
    "node_modules/ts-mixer": {
      "version": "6.0.3",
      "resolved": "https://registry.npmjs.org/ts-mixer/-/ts-mixer-6.0.3.tgz",
      "integrity": "sha512-k43M7uCG1AkTyxgnmI5MPwKoUvS/bRvLvUb7+Pgpdlmok8AoqmUaZxUUw8zKM5B1lqZrt41GjYgnvAi0fppqgQ=="
    },
    "node_modules/tslib": {
      "version": "2.6.1",
      "resolved": "https://registry.npmjs.org/tslib/-/tslib-2.6.1.tgz",
      "integrity": "sha512-t0hLfiEKfMUoqhG+U1oid7Pva4bbDPHYfJNiB7BiIjRkj1pyC++4N3huJfqY6aRH6VTB0rvtzQwjM4K6qpfOig=="
    },
    "node_modules/undici": {
      "version": "5.23.0",
      "resolved": "https://registry.npmjs.org/undici/-/undici-5.23.0.tgz",
      "integrity": "sha512-1D7w+fvRsqlQ9GscLBwcAJinqcZGHUKjbOmXdlE/v8BvEGXjeWAax+341q44EuTcHXXnfyKNbKRq4Lg7OzhMmg==",
      "dependencies": {
        "busboy": "^1.6.0"
      },
      "engines": {
        "node": ">=14.0"
      }
    },
    "node_modules/webidl-conversions": {
      "version": "3.0.1",
      "resolved": "https://registry.npmjs.org/webidl-conversions/-/webidl-conversions-3.0.1.tgz",
      "integrity": "sha1-JFNCdeKnvGvnvIZhHMFq4KVlSHE="
    },
    "node_modules/whatwg-url": {
      "version": "5.0.0",
      "resolved": "https://registry.npmjs.org/whatwg-url/-/whatwg-url-5.0.0.tgz",
      "integrity": "sha1-lmRU6HZUYuN2RNNib2dCzotwll0=",
      "dependencies": {
        "tr46": "~0.0.3",
        "webidl-conversions": "^3.0.0"
      }
    },
    "node_modules/ws": {
      "version": "8.13.0",
      "resolved": "https://registry.npmjs.org/ws/-/ws-8.13.0.tgz",
      "integrity": "sha512-x9vcZYTrFPC7aSIbj7sRCYo7L/Xb8Iy+pW0ng0wt2vCJv7M9HOMy0UoN3rr+IFC7hb7vXoqS+P9ktyLLLhO+LA==",
      "engines": {
        "node": ">=10.0.0"
      },
      "peerDependencies": {
        "bufferutil": "^4.0.1",
        "utf-8-validate": ">=5.0.2"
      },
      "peerDependenciesMeta": {
        "bufferutil": {
          "optional": true
        },
        "utf-8-validate": {
          "optional": true
        }
      }
    }
  },
  "dependencies": {
    "@discordjs/builders": {
      "version": "1.6.4",
      "resolved": "https://registry.npmjs.org/@discordjs/builders/-/builders-1.6.4.tgz",
      "integrity": "sha512-ARFKvmAkLhfkQQiNxqi0YIWqwUExvBRtvdtMFVJXvJoibsGkFrB/DWTf9byU7BTVUfsmW8w7NM55tYXR5S/iSg==",
      "requires": {
        "@discordjs/formatters": "^0.3.1",
        "@discordjs/util": "^1.0.0",
        "@sapphire/shapeshift": "^3.9.2",
        "discord-api-types": "^0.37.50",
        "fast-deep-equal": "^3.1.3",
        "ts-mixer": "^6.0.3",
        "tslib": "^2.6.1"
      }
    },
    "@discordjs/collection": {
      "version": "1.5.2",
      "resolved": "https://registry.npmjs.org/@discordjs/collection/-/collection-1.5.2.tgz",
      "integrity": "sha512-LDplPy8SPbc8MYkuCdnLRGWqygAX97E8NH7gA9uz+NZ/hXknUKJHuxsOmhC6pmHnF9Zmg0kvfwrDjGsRIljt9g=="
    },
    "@discordjs/formatters": {
      "version": "0.3.1",
      "resolved": "https://registry.npmjs.org/@discordjs/formatters/-/formatters-0.3.1.tgz",
      "integrity": "sha512-M7X4IGiSeh4znwcRGcs+49B5tBkNDn4k5bmhxJDAUhRxRHTiFAOTVUNQ6yAKySu5jZTnCbSvTYHW3w0rAzV1MA==",
      "requires": {
        "discord-api-types": "^0.37.41"
      }
    },
    "@discordjs/rest": {
      "version": "2.0.0",
      "resolved": "https://registry.npmjs.org/@discordjs/rest/-/rest-2.0.0.tgz",
      "integrity": "sha512-CW9ldfzsRzUbHcS4Oqu5+Moo+yrQ5qQ9groKNxPOzcoq2nuXa/fXOXkuQtQHcTeSVXsC9cmJ56M8gBDBUyLgGA==",
      "requires": {
        "@discordjs/collection": "^1.5.2",
        "@discordjs/util": "^1.0.0",
        "@sapphire/async-queue": "^1.5.0",
        "@sapphire/snowflake": "^3.5.1",
        "@vladfrangu/async_event_emitter": "^2.2.2",
        "discord-api-types": "^0.37.50",
        "magic-bytes.js": "^1.0.15",
        "tslib": "^2.6.1",
        "undici": "^5.22.1"
      }
    },
    "@discordjs/util": {
      "version": "1.0.0",
      "resolved": "https://registry.npmjs.org/@discordjs/util/-/util-1.0.0.tgz",
      "integrity": "sha512-U2Iiab0mo8cFe+o4ZY4GROoAetGjFYA1PhhxiXEW82LuPUjOU/seHZDtVjDpOf6n3rz4IRm84wNtgHdpqRY5CA=="
    },
    "@discordjs/ws": {
      "version": "1.0.0",
      "resolved": "https://registry.npmjs.org/@discordjs/ws/-/ws-1.0.0.tgz",
      "integrity": "sha512-POiImjuQJzwCxjJs4JCtDcTjzvjVsVQbnsaoW/F03yTVdrj/xSpmgv4383AnpNEYXI+CA6ggkz37phZDsZQ1NQ==",
      "requires": {
        "@discordjs/collection": "^1.5.2",
        "@discordjs/rest": "^2.0.0",
        "@discordjs/util": "^1.0.0",
        "@sapphire/async-queue": "^1.5.0",
        "@types/ws": "^8.5.5",
        "@vladfrangu/async_event_emitter": "^2.2.2",
        "discord-api-types": "^0.37.50",
        "tslib": "^2.6.1",
        "ws": "^8.13.0"
      }
    },
    "@sapphire/async-queue": {
      "version": "1.5.0",
      "resolved": "https://registry.npmjs.org/@sapphire/async-queue/-/async-queue-1.5.0.tgz",
      "integrity": "sha512-JkLdIsP8fPAdh9ZZjrbHWR/+mZj0wvKS5ICibcLrRI1j84UmLMshx5n9QmL8b95d4onJ2xxiyugTgSAX7AalmA=="
    },
    "@sapphire/shapeshift": {
      "version": "3.9.2",
      "resolved": "https://registry.npmjs.org/@sapphire/shapeshift/-/shapeshift-3.9.2.tgz",
      "integrity": "sha512-YRbCXWy969oGIdqR/wha62eX8GNHsvyYi0Rfd4rNW6tSVVa8p0ELiMEuOH/k8rgtvRoM+EMV7Csqz77YdwiDpA==",
      "requires": {
        "fast-deep-equal": "^3.1.3",
        "lodash": "^4.17.21"
      }
    },
    "@sapphire/snowflake": {
      "version": "3.5.1",
      "resolved": "https://registry.npmjs.org/@sapphire/snowflake/-/snowflake-3.5.1.tgz",
      "integrity": "sha512-BxcYGzgEsdlG0dKAyOm0ehLGm2CafIrfQTZGWgkfKYbj+pNNsorZ7EotuZukc2MT70E0UbppVbtpBrqpzVzjNA=="
    },
    "@types/node": {
      "version": "20.4.8",
      "resolved": "https://registry.npmjs.org/@types/node/-/node-20.4.8.tgz",
      "integrity": "sha512-0mHckf6D2DiIAzh8fM8f3HQCvMKDpK94YQ0DSVkfWTG9BZleYIWudw9cJxX8oCk9bM+vAkDyujDV6dmKHbvQpg=="
    },
    "@types/ws": {
      "version": "8.5.5",
      "resolved": "https://registry.npmjs.org/@types/ws/-/ws-8.5.5.tgz",
      "integrity": "sha512-lwhs8hktwxSjf9UaZ9tG5M03PGogvFaH8gUgLNbN9HKIg0dvv6q+gkSuJ8HN4/VbyxkuLzCjlN7GquQ0gUJfIg==",
      "requires": {
        "@types/node": "*"
      }
    },
    "@vladfrangu/async_event_emitter": {
      "version": "2.2.2",
      "resolved": "https://registry.npmjs.org/@vladfrangu/async_event_emitter/-/async_event_emitter-2.2.2.tgz",
      "integrity": "sha512-HIzRG7sy88UZjBJamssEczH5q7t5+axva19UbZLO6u0ySbYPrwzWiXBcC0WuHyhKKoeCyneH+FvYzKQq/zTtkQ=="
    },
    "argparse": {
      "version": "1.0.10",
      "resolved": "https://registry.npmjs.org/argparse/-/argparse-1.0.10.tgz",
      "integrity": "sha512-o5Roy6tNG4SL/FOkCAN6RzjiakZS25RLYFrcMttJqbdd8BWrnA+fGz57iN5Pb06pvBGvl5gQ0B48dJlslXvoTg==",
      "requires": {
        "sprintf-js": "~1.0.2"
      }
    },
    "busboy": {
      "version": "1.6.0",
      "resolved": "https://registry.npmjs.org/busboy/-/busboy-1.6.0.tgz",
      "integrity": "sha512-8SFQbg/0hQ9xy3UNTB0YEnsNBbWfhf7RtnzpL7TkBiTBRfrQ9Fxcnz7VJsleJpyp6rVLvXiuORqjlHi5q+PYuA==",
      "requires": {
        "streamsearch": "^1.1.0"
      }
    },
    "circular-json": {
      "version": "0.5.9",
      "resolved": "https://registry.npmjs.org/circular-json/-/circular-json-0.5.9.tgz",
      "integrity": "sha512-4ivwqHpIFJZBuhN3g/pEcdbnGUywkBblloGbkglyloVjjR3uT6tieI89MVOfbP2tHX5sgb01FuLgAOzebNlJNQ=="
    },
    "discord-api-types": {
      "version": "0.37.52",
      "resolved": "https://registry.npmjs.org/discord-api-types/-/discord-api-types-0.37.52.tgz",
      "integrity": "sha512-TP99aMgY6rHuDIy056GDm1j2nGOcaLbFpjVbvAmv6N6vhkjHNqHXCHVqKtGisaQ8D15slbxTHNl/SSkPdx2syg=="
    },
    "discord.js": {
      "version": "14.12.1",
      "resolved": "https://registry.npmjs.org/discord.js/-/discord.js-14.12.1.tgz",
      "integrity": "sha512-gGjhTkauIPgFXxpBl0UZgyehrKhDe90cIS8Hn1xFBYQ63EuUAkKoUqRNmc/pcla6DD16s4cUz5tAbdSpXivnxw==",
      "requires": {
        "@discordjs/builders": "^1.6.4",
        "@discordjs/collection": "^1.5.2",
        "@discordjs/formatters": "^0.3.1",
        "@discordjs/rest": "^2.0.0",
        "@discordjs/util": "^1.0.0",
        "@discordjs/ws": "^1.0.0",
        "@sapphire/snowflake": "^3.5.1",
        "@types/ws": "^8.5.5",
        "discord-api-types": "^0.37.50",
        "fast-deep-equal": "^3.1.3",
        "lodash.snakecase": "^4.1.1",
        "tslib": "^2.6.1",
        "undici": "^5.22.1",
        "ws": "^8.13.0"
      }
    },
    "esprima": {
      "version": "4.0.1",
      "resolved": "https://registry.npmjs.org/esprima/-/esprima-4.0.1.tgz",
      "integrity": "sha512-eGuFFw7Upda+g4p+QHvnW0RyTX/SVeJBDM/gCtMARO0cLuT2HcEKnTPvhjV6aGeqrCB/sbNop0Kszm0jsaWU4A=="
    },
    "fast-deep-equal": {
      "version": "3.1.3",
      "resolved": "https://registry.npmjs.org/fast-deep-equal/-/fast-deep-equal-3.1.3.tgz",
      "integrity": "sha512-f3qQ9oQy9j2AhBe/H9VC91wLmKBCCU/gDOnKNAYG5hswO7BLKj09Hc5HYNz9cGI++xlpDCIgDaitVs03ATR84Q=="
    },
    "html-entities": {
      "version": "1.4.0",
      "resolved": "https://registry.npmjs.org/html-entities/-/html-entities-1.4.0.tgz",
      "integrity": "sha512-8nxjcBcd8wovbeKx7h3wTji4e6+rhaVuPNpMqwWgnHh+N9ToqsCs6XztWRBPQ+UtzsoMAdKZtUENoVzU/EMtZA=="
    },
    "https": {
      "version": "1.0.0",
      "resolved": "https://registry.npmjs.org/https/-/https-1.0.0.tgz",
      "integrity": "sha1-PDfHrhqO65ZpBKKtHpdaGUt+06Q="
    },
    "js-yaml": {
      "version": "3.14.1",
      "resolved": "https://registry.npmjs.org/js-yaml/-/js-yaml-3.14.1.tgz",
      "integrity": "sha512-okMH7OXXJ7YrN9Ok3/SXrnu4iX9yOk+25nqX4imS2npuvTYDmo/QEZoqwZkYaIDk3jVvBOTOIEgEhaLOynBS9g==",
      "requires": {
        "argparse": "^1.0.7",
        "esprima": "^4.0.0"
      }
    },
    "lodash": {
      "version": "4.17.21",
      "resolved": "https://registry.npmjs.org/lodash/-/lodash-4.17.21.tgz",
      "integrity": "sha512-v2kDEe57lecTulaDIuNTPy3Ry4gLGJ6Z1O3vE1krgXZNrsQ+LFTGHVxVjcXPs17LhbZVGedAJv8XZ1tvj5FvSg=="
    },
    "lodash.snakecase": {
      "version": "4.1.1",
      "resolved": "https://registry.npmjs.org/lodash.snakecase/-/lodash.snakecase-4.1.1.tgz",
      "integrity": "sha512-QZ1d4xoBHYUeuouhEq3lk3Uq7ldgyFXGBhg04+oRLnIz8o9T65Eh+8YdroUwn846zchkA9yDsDl5CVVaV2nqYw=="
    },
    "magic-bytes.js": {
      "version": "1.0.15",
      "resolved": "https://registry.npmjs.org/magic-bytes.js/-/magic-bytes.js-1.0.15.tgz",
      "integrity": "sha512-bpRmwbRHqongRhA+mXzbLWjVy7ylqmfMBYaQkSs6pac0z6hBTvsgrH0r4FBYd/UYVJBmS6Rp/O+oCCQVLzKV1g=="
    },
    "node-fetch": {
      "version": "2.6.6",
      "resolved": "https://registry.npmjs.org/node-fetch/-/node-fetch-2.6.6.tgz",
      "integrity": "sha512-Z8/6vRlTUChSdIgMa51jxQ4lrw/Jy5SOW10ObaA47/RElsAN2c5Pn8bTgFGWn/ibwzXTE8qwr1Yzx28vsecXEA==",
      "requires": {
        "whatwg-url": "^5.0.0"
      }
    },
    "semver-compare": {
      "version": "1.0.0",
      "resolved": "https://registry.npmjs.org/semver-compare/-/semver-compare-1.0.0.tgz",
      "integrity": "sha1-De4hahyUGrN+nvsXiPavxf9VN/w="
    },
    "sprintf-js": {
      "version": "1.0.3",
      "resolved": "https://registry.npmjs.org/sprintf-js/-/sprintf-js-1.0.3.tgz",
      "integrity": "sha1-BOaSb2YolTVPPdAVIDYzuFcpfiw="
    },
    "streamsearch": {
      "version": "1.1.0",
      "resolved": "https://registry.npmjs.org/streamsearch/-/streamsearch-1.1.0.tgz",
      "integrity": "sha512-Mcc5wHehp9aXz1ax6bZUyY5afg9u2rv5cqQI3mRrYkGC8rW2hM02jWuwjtL++LS5qinSyhj2QfLyNsuc+VsExg=="
    },
    "tr46": {
      "version": "0.0.3",
      "resolved": "https://registry.npmjs.org/tr46/-/tr46-0.0.3.tgz",
      "integrity": "sha1-gYT9NH2snNwYWZLzpmIuFLnZq2o="
    },
    "ts-mixer": {
      "version": "6.0.3",
      "resolved": "https://registry.npmjs.org/ts-mixer/-/ts-mixer-6.0.3.tgz",
      "integrity": "sha512-k43M7uCG1AkTyxgnmI5MPwKoUvS/bRvLvUb7+Pgpdlmok8AoqmUaZxUUw8zKM5B1lqZrt41GjYgnvAi0fppqgQ=="
    },
    "tslib": {
      "version": "2.6.1",
      "resolved": "https://registry.npmjs.org/tslib/-/tslib-2.6.1.tgz",
      "integrity": "sha512-t0hLfiEKfMUoqhG+U1oid7Pva4bbDPHYfJNiB7BiIjRkj1pyC++4N3huJfqY6aRH6VTB0rvtzQwjM4K6qpfOig=="
    },
    "undici": {
      "version": "5.23.0",
      "resolved": "https://registry.npmjs.org/undici/-/undici-5.23.0.tgz",
      "integrity": "sha512-1D7w+fvRsqlQ9GscLBwcAJinqcZGHUKjbOmXdlE/v8BvEGXjeWAax+341q44EuTcHXXnfyKNbKRq4Lg7OzhMmg==",
      "requires": {
        "busboy": "^1.6.0"
      }
    },
    "webidl-conversions": {
      "version": "3.0.1",
      "resolved": "https://registry.npmjs.org/webidl-conversions/-/webidl-conversions-3.0.1.tgz",
      "integrity": "sha1-JFNCdeKnvGvnvIZhHMFq4KVlSHE="
    },
    "whatwg-url": {
      "version": "5.0.0",
      "resolved": "https://registry.npmjs.org/whatwg-url/-/whatwg-url-5.0.0.tgz",
      "integrity": "sha1-lmRU6HZUYuN2RNNib2dCzotwll0=",
      "requires": {
        "tr46": "~0.0.3",
        "webidl-conversions": "^3.0.0"
      }
    },
    "ws": {
      "version": "8.13.0",
      "resolved": "https://registry.npmjs.org/ws/-/ws-8.13.0.tgz",
      "integrity": "sha512-x9vcZYTrFPC7aSIbj7sRCYo7L/Xb8Iy+pW0ng0wt2vCJv7M9HOMy0UoN3rr+IFC7hb7vXoqS+P9ktyLLLhO+LA==",
      "requires": {}
    }
  }
}
